{
    "name": "modus",
    "version": "0.1.0",
    "lockfileVersion": 2,
    "requires": true,
    "packages": {
        "": {
            "name": "modus",
            "version": "0.1.0",
            "license": "AGPL-3.0-only",
            "engines": {
                "vscode": "^1.63.0"
            }
        }
    }
}
